
Microsoft Visual Studio Solution File, Format Version 12.00
# Visual Studio Version 17
VisualStudioVersion = 17.0.31903.59
MinimumVisualStudioVersion = 10.0.40219.1
Project("{9A19103F-16F7-4668-BE54-9A1E7A4F7556}") = "ZeroWeatherAPI.Web", "ZeroWeatherAPI.Web\ZeroWeatherAPI.Web.csproj", "{6E379667-DAB0-4CAE-A07F-362A0C42FC83}"
EndProject
Project("{9A19103F-16F7-4668-BE54-9A1E7A4F7556}") = "ZeroWeatherAPI.Core", "ZeroWeatherAPI.Core\ZeroWeatherAPI.Core.csproj", "{E3A6E17D-8BCF-4631-AC6C-112ED3140F07}"
EndProject
Project("{9A19103F-16F7-4668-BE54-9A1E7A4F7556}") = "ZeroWeatherAPI.Services", "ZeroWeatherAPI.Services\ZeroWeatherAPI.Services.csproj", "{F16BDFEC-FE2B-4EB7-A33F-74A9347FB904}"
EndProject
Project("{9A19103F-16F7-4668-BE54-9A1E7A4F7556}") = "ZeroWeatherAPI.Infrastructure", "ZeroWeatherAPI.Infrastructure\ZeroWeatherAPI.Infrastructure.csproj", "{776522C3-E5E5-4576-AF4D-62680375C5DB}"
EndProject
Project("{FAE04EC0-301F-11D3-BF4B-00C04F79EFBC}") = "TestProject", "TestProject\TestProject.csproj", "{E105CDC3-3A7E-44D3-AFE5-B2A7060ED383}"
EndProject
Global
	GlobalSection(SolutionConfigurationPlatforms) = preSolution
		Debug|Any CPU = Debug|Any CPU
		Release|Any CPU = Release|Any CPU
	EndGlobalSection
	GlobalSection(ProjectConfigurationPlatforms) = postSolution
		{6E379667-DAB0-4CAE-A07F-362A0C42FC83}.Debug|Any CPU.ActiveCfg = Debug|Any CPU
		{6E379667-DAB0-4CAE-A07F-362A0C42FC83}.Debug|Any CPU.Build.0 = Debug|Any CPU
		{6E379667-DAB0-4CAE-A07F-362A0C42FC83}.Release|Any CPU.ActiveCfg = Release|Any CPU
		{6E379667-DAB0-4CAE-A07F-362A0C42FC83}.Release|Any CPU.Build.0 = Release|Any CPU
		{E3A6E17D-8BCF-4631-AC6C-112ED3140F07}.Debug|Any CPU.ActiveCfg = Debug|Any CPU
		{E3A6E17D-8BCF-4631-AC6C-112ED3140F07}.Debug|Any CPU.Build.0 = Debug|Any CPU
		{E3A6E17D-8BCF-4631-AC6C-112ED3140F07}.Release|Any CPU.ActiveCfg = Release|Any CPU
		{E3A6E17D-8BCF-4631-AC6C-112ED3140F07}.Release|Any CPU.Build.0 = Release|Any CPU
		{F16BDFEC-FE2B-4EB7-A33F-74A9347FB904}.Debug|Any CPU.ActiveCfg = Debug|Any CPU
		{F16BDFEC-FE2B-4EB7-A33F-74A9347FB904}.Debug|Any CPU.Build.0 = Debug|Any CPU
		{F16BDFEC-FE2B-4EB7-A33F-74A9347FB904}.Release|Any CPU.ActiveCfg = Release|Any CPU
		{F16BDFEC-FE2B-4EB7-A33F-74A9347FB904}.Release|Any CPU.Build.0 = Release|Any CPU
		{776522C3-E5E5-4576-AF4D-62680375C5DB}.Debug|Any CPU.ActiveCfg = Debug|Any CPU
		{776522C3-E5E5-4576-AF4D-62680375C5DB}.Debug|Any CPU.Build.0 = Debug|Any CPU
		{776522C3-E5E5-4576-AF4D-62680375C5DB}.Release|Any CPU.ActiveCfg = Release|Any CPU
		{776522C3-E5E5-4576-AF4D-62680375C5DB}.Release|Any CPU.Build.0 = Release|Any CPU
		{E105CDC3-3A7E-44D3-AFE5-B2A7060ED383}.Debug|Any CPU.ActiveCfg = Debug|Any CPU
		{E105CDC3-3A7E-44D3-AFE5-B2A7060ED383}.Debug|Any CPU.Build.0 = Debug|Any CPU
		{E105CDC3-3A7E-44D3-AFE5-B2A7060ED383}.Release|Any CPU.ActiveCfg = Release|Any CPU
		{E105CDC3-3A7E-44D3-AFE5-B2A7060ED383}.Release|Any CPU.Build.0 = Release|Any CPU
	EndGlobalSection
	GlobalSection(SolutionProperties) = preSolution
		HideSolutionNode = FALSE
	EndGlobalSection
	GlobalSection(ExtensibilityGlobals) = postSolution
		SolutionGuid = {65F11545-9F83-4EB5-82B5-77A592A5C5B5}
	EndGlobalSection
EndGlobal
